# THIS IS AN AUTOGENERATED FILE. DO NOT EDIT THIS FILE DIRECTLY.
# yarn lockfile v1


"@noir-lang/acvm_js@0.26.1":
  version "0.26.1"
  resolved "https://registry.yarnpkg.com/@noir-lang/acvm_js/-/acvm_js-0.26.1.tgz#5dc5d4f54a1663ff0096ab3e7633c126418bd0f0"
  integrity sha512-pEZxMIV90nryLbFEzSBEWX3sYpjjN8rTnkD78Vd0ctTFFBdl202sX58LGe11NNH3BOLGvxcJXzv3XXjrVir0Tw==

"@noir-lang/noirc_abi@0.10.3":
  version "0.10.3"
  resolved "https://registry.yarnpkg.com/@noir-lang/noirc_abi/-/noirc_abi-0.10.3.tgz#5f80ff0be441a8a802be76a2bff09947f6de891a"
  integrity sha512-l5T/iF8nrOhV2hMS6byUwOtxPTF1DfZtNFw0028ExQ68Z25KD3hXwg6VlUtmaEhQ83e1PUdGEyss9UnA4fmFxQ==
